// !$*UTF8*$!
{
	archiveVersion = 1;
	classes = {
	};
	objectVersion = 56;
	objects = {

/* Begin PBXBuildFile section */
		EE3219582B74DD940065BC9D /* WelcomeVC.swift in Sources */ = {isa = PBXBuildFile; fileRef = EE3219562B74DD940065BC9D /* WelcomeVC.swift */; };
		EE3219592B74DD940065BC9D /* WelcomeVC.xib in Resources */ = {isa = PBXBuildFile; fileRef = EE3219572B74DD940065BC9D /* WelcomeVC.xib */; };
		EE867F302B6CC4C20088512B /* TextDM.swift in Sources */ = {isa = PBXBuildFile; fileRef = EE867F2F2B6CC4C20088512B /* TextDM.swift */; };
		EE887D9D2B7A3E2F002E107A /* AnswersCell.swift in Sources */ = {isa = PBXBuildFile; fileRef = EE887D9B2B7A3E2F002E107A /* AnswersCell.swift */; };
		EE887D9E2B7A3E2F002E107A /* AnswersCell.xib in Resources */ = {isa = PBXBuildFile; fileRef = EE887D9C2B7A3E2F002E107A /* AnswersCell.xib */; };
		EE99079B2B6D17DE00C3214C /* LevelCell.swift in Sources */ = {isa = PBXBuildFile; fileRef = EE9907992B6D17DE00C3214C /* LevelCell.swift */; };
		EE99079C2B6D17DE00C3214C /* LevelCell.xib in Resources */ = {isa = PBXBuildFile; fileRef = EE99079A2B6D17DE00C3214C /* LevelCell.xib */; };
		EE99079F2B6D348D00C3214C /* UnitVC.swift in Sources */ = {isa = PBXBuildFile; fileRef = EE99079D2B6D348D00C3214C /* UnitVC.swift */; };
		EE9907A02B6D348D00C3214C /* UnitVC.xib in Resources */ = {isa = PBXBuildFile; fileRef = EE99079E2B6D348D00C3214C /* UnitVC.xib */; };
		EE9907A32B6D365900C3214C /* ScoreVC.swift in Sources */ = {isa = PBXBuildFile; fileRef = EE9907A12B6D365900C3214C /* ScoreVC.swift */; };
		EE9907A42B6D365900C3214C /* ScoreVC.xib in Resources */ = {isa = PBXBuildFile; fileRef = EE9907A22B6D365900C3214C /* ScoreVC.xib */; };
		EECDDB3A2B5A95B8007A55E7 /* AppDelegate.swift in Sources */ = {isa = PBXBuildFile; fileRef = EECDDB392B5A95B8007A55E7 /* AppDelegate.swift */; };
		EECDDB442B5A95B8007A55E7 /* Vocabulary_Quiz.xcdatamodeld in Sources */ = {isa = PBXBuildFile; fileRef = EECDDB422B5A95B8007A55E7 /* Vocabulary_Quiz.xcdatamodeld */; };
		EECDDB462B5A95BA007A55E7 /* Assets.xcassets in Resources */ = {isa = PBXBuildFile; fileRef = EECDDB452B5A95BA007A55E7 /* Assets.xcassets */; };
		EECDDB492B5A95BA007A55E7 /* LaunchScreen.storyboard in Resources */ = {isa = PBXBuildFile; fileRef = EECDDB472B5A95BA007A55E7 /* LaunchScreen.storyboard */; };
		EECDDB5A2B5A9644007A55E7 /* MainVC.swift in Sources */ = {isa = PBXBuildFile; fileRef = EECDDB582B5A9644007A55E7 /* MainVC.swift */; };
		EECDDB5B2B5A9644007A55E7 /* MainVC.xib in Resources */ = {isa = PBXBuildFile; fileRef = EECDDB592B5A9644007A55E7 /* MainVC.xib */; };
		EED1A38D2B7510CE00D89E27 /* UnitB1.swift in Sources */ = {isa = PBXBuildFile; fileRef = EED1A38C2B7510CE00D89E27 /* UnitB1.swift */; };
		EED3C9592B77A3DF00284CA5 /* UnitDM.swift in Sources */ = {isa = PBXBuildFile; fileRef = EED3C9582B77A3DF00284CA5 /* UnitDM.swift */; };
		EED3C95B2B77A85700284CA5 /* UnitE1.swift in Sources */ = {isa = PBXBuildFile; fileRef = EED3C95A2B77A85700284CA5 /* UnitE1.swift */; };
		EED3C95D2B77A87300284CA5 /* UnitPI1.swift in Sources */ = {isa = PBXBuildFile; fileRef = EED3C95C2B77A87300284CA5 /* UnitPI1.swift */; };
		EED3C95F2B77A88700284CA5 /* UnitI1.swift in Sources */ = {isa = PBXBuildFile; fileRef = EED3C95E2B77A88700284CA5 /* UnitI1.swift */; };
		EEE6DD592B88BE4F00B19881 /* UnitCell.swift in Sources */ = {isa = PBXBuildFile; fileRef = EEE6DD572B88BE4F00B19881 /* UnitCell.swift */; };
		EEE6DD5A2B88BE4F00B19881 /* UnitCell.xib in Resources */ = {isa = PBXBuildFile; fileRef = EEE6DD582B88BE4F00B19881 /* UnitCell.xib */; };
/* End PBXBuildFile section */

/* Begin PBXFileReference section */
		EE3219562B74DD940065BC9D /* WelcomeVC.swift */ = {isa = PBXFileReference; lastKnownFileType = sourcecode.swift; path = WelcomeVC.swift; sourceTree = "<group>"; };
		EE3219572B74DD940065BC9D /* WelcomeVC.xib */ = {isa = PBXFileReference; lastKnownFileType = file.xib; path = WelcomeVC.xib; sourceTree = "<group>"; };
		EE867F2F2B6CC4C20088512B /* TextDM.swift */ = {isa = PBXFileReference; lastKnownFileType = sourcecode.swift; path = TextDM.swift; sourceTree = "<group>"; };
		EE887D9B2B7A3E2F002E107A /* AnswersCell.swift */ = {isa = PBXFileReference; lastKnownFileType = sourcecode.swift; path = AnswersCell.swift; sourceTree = "<group>"; };
		EE887D9C2B7A3E2F002E107A /* AnswersCell.xib */ = {isa = PBXFileReference; lastKnownFileType = file.xib; path = AnswersCell.xib; sourceTree = "<group>"; };
		EE9907992B6D17DE00C3214C /* LevelCell.swift */ = {isa = PBXFileReference; lastKnownFileType = sourcecode.swift; path = LevelCell.swift; sourceTree = "<group>"; };
		EE99079A2B6D17DE00C3214C /* LevelCell.xib */ = {isa = PBXFileReference; lastKnownFileType = file.xib; path = LevelCell.xib; sourceTree = "<group>"; };
		EE99079D2B6D348D00C3214C /* UnitVC.swift */ = {isa = PBXFileReference; lastKnownFileType = sourcecode.swift; path = UnitVC.swift; sourceTree = "<group>"; };
		EE99079E2B6D348D00C3214C /* UnitVC.xib */ = {isa = PBXFileReference; lastKnownFileType = file.xib; path = UnitVC.xib; sourceTree = "<group>"; };
		EE9907A12B6D365900C3214C /* ScoreVC.swift */ = {isa = PBXFileReference; lastKnownFileType = sourcecode.swift; path = ScoreVC.swift; sourceTree = "<group>"; };
		EE9907A22B6D365900C3214C /* ScoreVC.xib */ = {isa = PBXFileReference; lastKnownFileType = file.xib; path = ScoreVC.xib; sourceTree = "<group>"; };
		EECDDB362B5A95B8007A55E7 /* Vocabulary Quiz.app */ = {isa = PBXFileReference; explicitFileType = wrapper.application; includeInIndex = 0; path = "Vocabulary Quiz.app"; sourceTree = BUILT_PRODUCTS_DIR; };
		EECDDB392B5A95B8007A55E7 /* AppDelegate.swift */ = {isa = PBXFileReference; lastKnownFileType = sourcecode.swift; path = AppDelegate.swift; sourceTree = "<group>"; };
		EECDDB432B5A95B8007A55E7 /* Vocabulary_Quiz.xcdatamodel */ = {isa = PBXFileReference; lastKnownFileType = wrapper.xcdatamodel; path = Vocabulary_Quiz.xcdatamodel; sourceTree = "<group>"; };
		EECDDB452B5A95BA007A55E7 /* Assets.xcassets */ = {isa = PBXFileReference; lastKnownFileType = folder.assetcatalog; path = Assets.xcassets; sourceTree = "<group>"; };
		EECDDB482B5A95BA007A55E7 /* Base */ = {isa = PBXFileReference; lastKnownFileType = file.storyboard; name = Base; path = Base.lproj/LaunchScreen.storyboard; sourceTree = "<group>"; };
		EECDDB4A2B5A95BA007A55E7 /* Info.plist */ = {isa = PBXFileReference; lastKnownFileType = text.plist.xml; path = Info.plist; sourceTree = "<group>"; };
		EECDDB582B5A9644007A55E7 /* MainVC.swift */ = {isa = PBXFileReference; lastKnownFileType = sourcecode.swift; path = MainVC.swift; sourceTree = "<group>"; };
		EECDDB592B5A9644007A55E7 /* MainVC.xib */ = {isa = PBXFileReference; lastKnownFileType = file.xib; path = MainVC.xib; sourceTree = "<group>"; };
		EED1A38C2B7510CE00D89E27 /* UnitB1.swift */ = {isa = PBXFileReference; lastKnownFileType = sourcecode.swift; path = UnitB1.swift; sourceTree = "<group>"; };
		EED3C9582B77A3DF00284CA5 /* UnitDM.swift */ = {isa = PBXFileReference; lastKnownFileType = sourcecode.swift; path = UnitDM.swift; sourceTree = "<group>"; };
		EED3C95A2B77A85700284CA5 /* UnitE1.swift */ = {isa = PBXFileReference; lastKnownFileType = sourcecode.swift; path = UnitE1.swift; sourceTree = "<group>"; };
		EED3C95C2B77A87300284CA5 /* UnitPI1.swift */ = {isa = PBXFileReference; lastKnownFileType = sourcecode.swift; path = UnitPI1.swift; sourceTree = "<group>"; };
		EED3C95E2B77A88700284CA5 /* UnitI1.swift */ = {isa = PBXFileReference; lastKnownFileType = sourcecode.swift; path = UnitI1.swift; sourceTree = "<group>"; };
		EEE6DD572B88BE4F00B19881 /* UnitCell.swift */ = {isa = PBXFileReference; lastKnownFileType = sourcecode.swift; path = UnitCell.swift; sourceTree = "<group>"; };
		EEE6DD582B88BE4F00B19881 /* UnitCell.xib */ = {isa = PBXFileReference; lastKnownFileType = file.xib; path = UnitCell.xib; sourceTree = "<group>"; };
/* End PBXFileReference section */

/* Begin PBXFrameworksBuildPhase section */
		EECDDB332B5A95B8007A55E7 /* Frameworks */ = {
			isa = PBXFrameworksBuildPhase;
			buildActionMask = 2147483647;
			files = (
			);
			runOnlyForDeploymentPostprocessing = 0;
		};
/* End PBXFrameworksBuildPhase section */

/* Begin PBXGroup section */
		EE867F2E2B6CC4960088512B /* DataModel */ = {
			isa = PBXGroup;
			children = (
				EE867F2F2B6CC4C20088512B /* TextDM.swift */,
				EED3C9582B77A3DF00284CA5 /* UnitDM.swift */,
			);
			path = DataModel;
			sourceTree = "<group>";
		};
		EECDDB2D2B5A95B8007A55E7 = {
			isa = PBXGroup;
			children = (
				EECDDB382B5A95B8007A55E7 /* Vocabulary Quiz */,
				EECDDB372B5A95B8007A55E7 /* Products */,
			);
			sourceTree = "<group>";
		};
		EECDDB372B5A95B8007A55E7 /* Products */ = {
			isa = PBXGroup;
			children = (
				EECDDB362B5A95B8007A55E7 /* Vocabulary Quiz.app */,
			);
			name = Products;
			sourceTree = "<group>";
		};
		EECDDB382B5A95B8007A55E7 /* Vocabulary Quiz */ = {
			isa = PBXGroup;
			children = (
				EEF368E62B7492AF00658E4E /* SystemFile */,
				EECDDB512B5A95E6007A55E7 /* WelcomeVC */,
				EEF368E42B74922C00658E4E /* MainVC */,
				EEF368E52B74925900658E4E /* AllCell */,
				EE867F2E2B6CC4960088512B /* DataModel */,
				EED1A38B2B75107C00D89E27 /* Vocabulary */,
				EECDDB4A2B5A95BA007A55E7 /* Info.plist */,
				EECDDB422B5A95B8007A55E7 /* Vocabulary_Quiz.xcdatamodeld */,
			);
			path = "Vocabulary Quiz";
			sourceTree = "<group>";
		};
		EECDDB512B5A95E6007A55E7 /* WelcomeVC */ = {
			isa = PBXGroup;
			children = (
				EE3219562B74DD940065BC9D /* WelcomeVC.swift */,
				EE3219572B74DD940065BC9D /* WelcomeVC.xib */,
			);
			path = WelcomeVC;
			sourceTree = "<group>";
		};
		EED1A38A2B75101700D89E27 /* Essential */ = {
			isa = PBXGroup;
			children = (
				EED1A38C2B7510CE00D89E27 /* UnitB1.swift */,
				EED3C95A2B77A85700284CA5 /* UnitE1.swift */,
				EED3C95C2B77A87300284CA5 /* UnitPI1.swift */,
				EED3C95E2B77A88700284CA5 /* UnitI1.swift */,
			);
			path = Essential;
			sourceTree = "<group>";
		};
		EED1A38B2B75107C00D89E27 /* Vocabulary */ = {
			isa = PBXGroup;
			children = (
				EED1A38A2B75101700D89E27 /* Essential */,
			);
			path = Vocabulary;
			sourceTree = "<group>";
		};
		EEF368E42B74922C00658E4E /* MainVC */ = {
			isa = PBXGroup;
			children = (
				EE99079D2B6D348D00C3214C /* UnitVC.swift */,
				EE99079E2B6D348D00C3214C /* UnitVC.xib */,
				EECDDB582B5A9644007A55E7 /* MainVC.swift */,
				EECDDB592B5A9644007A55E7 /* MainVC.xib */,
				EE9907A12B6D365900C3214C /* ScoreVC.swift */,
				EE9907A22B6D365900C3214C /* ScoreVC.xib */,
			);
			path = MainVC;
			sourceTree = "<group>";
		};
		EEF368E52B74925900658E4E /* AllCell */ = {
			isa = PBXGroup;
			children = (
				EE887D9B2B7A3E2F002E107A /* AnswersCell.swift */,
				EE887D9C2B7A3E2F002E107A /* AnswersCell.xib */,
				EE9907992B6D17DE00C3214C /* LevelCell.swift */,
				EE99079A2B6D17DE00C3214C /* LevelCell.xib */,
				EEE6DD572B88BE4F00B19881 /* UnitCell.swift */,
				EEE6DD582B88BE4F00B19881 /* UnitCell.xib */,
			);
			path = AllCell;
			sourceTree = "<group>";
		};
		EEF368E62B7492AF00658E4E /* SystemFile */ = {
			isa = PBXGroup;
			children = (
				EECDDB392B5A95B8007A55E7 /* AppDelegate.swift */,
				EECDDB452B5A95BA007A55E7 /* Assets.xcassets */,
				EECDDB472B5A95BA007A55E7 /* LaunchScreen.storyboard */,
			);
			path = SystemFile;
			sourceTree = "<group>";
		};
/* End PBXGroup section */

/* Begin PBXNativeTarget section */
		EECDDB352B5A95B8007A55E7 /* Vocabulary Quiz */ = {
			isa = PBXNativeTarget;
			buildConfigurationList = EECDDB4D2B5A95BA007A55E7 /* Build configuration list for PBXNativeTarget "Vocabulary Quiz" */;
			buildPhases = (
				EECDDB322B5A95B8007A55E7 /* Sources */,
				EECDDB332B5A95B8007A55E7 /* Frameworks */,
				EECDDB342B5A95B8007A55E7 /* Resources */,
			);
			buildRules = (
			);
			dependencies = (
			);
			name = "Vocabulary Quiz";
			productName = "Vocabulary Quiz";
			productReference = EECDDB362B5A95B8007A55E7 /* Vocabulary Quiz.app */;
			productType = "com.apple.product-type.application";
		};
/* End PBXNativeTarget section */

/* Begin PBXProject section */
		EECDDB2E2B5A95B8007A55E7 /* Project object */ = {
			isa = PBXProject;
			attributes = {
				BuildIndependentTargetsInParallel = 1;
				LastSwiftUpdateCheck = 1520;
				LastUpgradeCheck = 1520;
				TargetAttributes = {
					EECDDB352B5A95B8007A55E7 = {
						CreatedOnToolsVersion = 15.2;
					};
				};
			};
			buildConfigurationList = EECDDB312B5A95B8007A55E7 /* Build configuration list for PBXProject "Vocabulary Quiz" */;
			compatibilityVersion = "Xcode 14.0";
			developmentRegion = en;
			hasScannedForEncodings = 0;
			knownRegions = (
				en,
				Base,
			);
			mainGroup = EECDDB2D2B5A95B8007A55E7;
			productRefGroup = EECDDB372B5A95B8007A55E7 /* Products */;
			projectDirPath = "";
			projectRoot = "";
			targets = (
				EECDDB352B5A95B8007A55E7 /* Vocabulary Quiz */,
			);
		};
/* End PBXProject section */

/* Begin PBXResourcesBuildPhase section */
		EECDDB342B5A95B8007A55E7 /* Resources */ = {
			isa = PBXResourcesBuildPhase;
			buildActionMask = 2147483647;
			files = (
				EECDDB492B5A95BA007A55E7 /* LaunchScreen.storyboard in Resources */,
				EE887D9E2B7A3E2F002E107A /* AnswersCell.xib in Resources */,
				EE9907A42B6D365900C3214C /* ScoreVC.xib in Resources */,
				EECDDB5B2B5A9644007A55E7 /* MainVC.xib in Resources */,
				EEE6DD5A2B88BE4F00B19881 /* UnitCell.xib in Resources */,
				EE3219592B74DD940065BC9D /* WelcomeVC.xib in Resources */,
				EE9907A02B6D348D00C3214C /* UnitVC.xib in Resources */,
				EE99079C2B6D17DE00C3214C /* LevelCell.xib in Resources */,
				EECDDB462B5A95BA007A55E7 /* Assets.xcassets in Resources */,
			);
			runOnlyForDeploymentPostprocessing = 0;
		};
/* End PBXResourcesBuildPhase section */

/* Begin PBXSourcesBuildPhase section */
		EECDDB322B5A95B8007A55E7 /* Sources */ = {
			isa = PBXSourcesBuildPhase;
			buildActionMask = 2147483647;
			files = (
				EE99079F2B6D348D00C3214C /* UnitVC.swift in Sources */,
				EE3219582B74DD940065BC9D /* WelcomeVC.swift in Sources */,
				EE99079B2B6D17DE00C3214C /* LevelCell.swift in Sources */,
				EECDDB442B5A95B8007A55E7 /* Vocabulary_Quiz.xcdatamodeld in Sources */,
				EE867F302B6CC4C20088512B /* TextDM.swift in Sources */,
				EED3C9592B77A3DF00284CA5 /* UnitDM.swift in Sources */,
				EE9907A32B6D365900C3214C /* ScoreVC.swift in Sources */,
				EED3C95F2B77A88700284CA5 /* UnitI1.swift in Sources */,
				EE887D9D2B7A3E2F002E107A /* AnswersCell.swift in Sources */,
				EECDDB5A2B5A9644007A55E7 /* MainVC.swift in Sources */,
				EECDDB3A2B5A95B8007A55E7 /* AppDelegate.swift in Sources */,
				EED3C95B2B77A85700284CA5 /* UnitE1.swift in Sources */,
				EED3C95D2B77A87300284CA5 /* UnitPI1.swift in Sources */,
				EEE6DD592B88BE4F00B19881 /* UnitCell.swift in Sources */,
				EED1A38D2B7510CE00D89E27 /* UnitB1.swift in Sources */,
			);
			runOnlyForDeploymentPostprocessing = 0;
		};
/* End PBXSourcesBuildPhase section */

/* Begin PBXVariantGroup section */
		EECDDB472B5A95BA007A55E7 /* LaunchScreen.storyboard */ = {
			isa = PBXVariantGroup;
			children = (
				EECDDB482B5A95BA007A55E7 /* Base */,
			);
			name = LaunchScreen.storyboard;
			sourceTree = "<group>";
		};
/* End PBXVariantGroup section */

/* Begin XCBuildConfiguration section */
		EECDDB4B2B5A95BA007A55E7 /* Debug */ = {
			isa = XCBuildConfiguration;
			buildSettings = {
				ALWAYS_SEARCH_USER_PATHS = NO;
				ASSETCATALOG_COMPILER_GENERATE_SWIFT_ASSET_SYMBOL_EXTENSIONS = YES;
				CLANG_ANALYZER_NONNULL = YES;
				CLANG_ANALYZER_NUMBER_OBJECT_CONVERSION = YES_AGGRESSIVE;
				CLANG_CXX_LANGUAGE_STANDARD = "gnu++20";
				CLANG_ENABLE_MODULES = YES;
				CLANG_ENABLE_OBJC_ARC = YES;
				CLANG_ENABLE_OBJC_WEAK = YES;
				CLANG_WARN_BLOCK_CAPTURE_AUTORELEASING = YES;
				CLANG_WARN_BOOL_CONVERSION = YES;
				CLANG_WARN_COMMA = YES;
				CLANG_WARN_CONSTANT_CONVERSION = YES;
				CLANG_WARN_DEPRECATED_OBJC_IMPLEMENTATIONS = YES;
				CLANG_WARN_DIRECT_OBJC_ISA_USAGE = YES_ERROR;
				CLANG_WARN_DOCUMENTATION_COMMENTS = YES;
				CLANG_WARN_EMPTY_BODY = YES;
				CLANG_WARN_ENUM_CONVERSION = YES;
				CLANG_WARN_INFINITE_RECURSION = YES;
				CLANG_WARN_INT_CONVERSION = YES;
				CLANG_WARN_NON_LITERAL_NULL_CONVERSION = YES;
				CLANG_WARN_OBJC_IMPLICIT_RETAIN_SELF = YES;
				CLANG_WARN_OBJC_LITERAL_CONVERSION = YES;
				CLANG_WARN_OBJC_ROOT_CLASS = YES_ERROR;
				CLANG_WARN_QUOTED_INCLUDE_IN_FRAMEWORK_HEADER = YES;
				CLANG_WARN_RANGE_LOOP_ANALYSIS = YES;
				CLANG_WARN_STRICT_PROTOTYPES = YES;
				CLANG_WARN_SUSPICIOUS_MOVE = YES;
				CLANG_WARN_UNGUARDED_AVAILABILITY = YES_AGGRESSIVE;
				CLANG_WARN_UNREACHABLE_CODE = YES;
				CLANG_WARN__DUPLICATE_METHOD_MATCH = YES;
				COPY_PHASE_STRIP = NO;
				DEBUG_INFORMATION_FORMAT = dwarf;
				ENABLE_STRICT_OBJC_MSGSEND = YES;
				ENABLE_TESTABILITY = YES;
				ENABLE_USER_SCRIPT_SANDBOXING = YES;
				GCC_C_LANGUAGE_STANDARD = gnu17;
				GCC_DYNAMIC_NO_PIC = NO;
				GCC_NO_COMMON_BLOCKS = YES;
				GCC_OPTIMIZATION_LEVEL = 0;
				GCC_PREPROCESSOR_DEFINITIONS = (
					"DEBUG=1",
					"$(inherited)",
				);
				GCC_WARN_64_TO_32_BIT_CONVERSION = YES;
				GCC_WARN_ABOUT_RETURN_TYPE = YES_ERROR;
				GCC_WARN_UNDECLARED_SELECTOR = YES;
				GCC_WARN_UNINITIALIZED_AUTOS = YES_AGGRESSIVE;
				GCC_WARN_UNUSED_FUNCTION = YES;
				GCC_WARN_UNUSED_VARIABLE = YES;
				IPHONEOS_DEPLOYMENT_TARGET = 17.2;
				LOCALIZATION_PREFERS_STRING_CATALOGS = YES;
				MTL_ENABLE_DEBUG_INFO = INCLUDE_SOURCE;
				MTL_FAST_MATH = YES;
				ONLY_ACTIVE_ARCH = YES;
				SDKROOT = iphoneos;
				SWIFT_ACTIVE_COMPILATION_CONDITIONS = "DEBUG $(inherited)";
				SWIFT_OPTIMIZATION_LEVEL = "-Onone";
			};
			name = Debug;
		};
		EECDDB4C2B5A95BA007A55E7 /* Release */ = {
			isa = XCBuildConfiguration;
			buildSettings = {
				ALWAYS_SEARCH_USER_PATHS = NO;
				ASSETCATALOG_COMPILER_GENERATE_SWIFT_ASSET_SYMBOL_EXTENSIONS = YES;
				CLANG_ANALYZER_NONNULL = YES;
				CLANG_ANALYZER_NUMBER_OBJECT_CONVERSION = YES_AGGRESSIVE;
				CLANG_CXX_LANGUAGE_STANDARD = "gnu++20";
				CLANG_ENABLE_MODULES = YES;
				CLANG_ENABLE_OBJC_ARC = YES;
				CLANG_ENABLE_OBJC_WEAK = YES;
				CLANG_WARN_BLOCK_CAPTURE_AUTORELEASING = YES;
				CLANG_WARN_BOOL_CONVERSION = YES;
				CLANG_WARN_COMMA = YES;
				CLANG_WARN_CONSTANT_CONVERSION = YES;
				CLANG_WARN_DEPRECATED_OBJC_IMPLEMENTATIONS = YES;
				CLANG_WARN_DIRECT_OBJC_ISA_USAGE = YES_ERROR;
				CLANG_WARN_DOCUMENTATION_COMMENTS = YES;
				CLANG_WARN_EMPTY_BODY = YES;
				CLANG_WARN_ENUM_CONVERSION = YES;
				CLANG_WARN_INFINITE_RECURSION = YES;
				CLANG_WARN_INT_CONVERSION = YES;
				CLANG_WARN_NON_LITERAL_NULL_CONVERSION = YES;
				CLANG_WARN_OBJC_IMPLICIT_RETAIN_SELF = YES;
				CLANG_WARN_OBJC_LITERAL_CONVERSION = YES;
				CLANG_WARN_OBJC_ROOT_CLASS = YES_ERROR;
				CLANG_WARN_QUOTED_INCLUDE_IN_FRAMEWORK_HEADER = YES;
				CLANG_WARN_RANGE_LOOP_ANALYSIS = YES;
				CLANG_WARN_STRICT_PROTOTYPES = YES;
				CLANG_WARN_SUSPICIOUS_MOVE = YES;
				CLANG_WARN_UNGUARDED_AVAILABILITY = YES_AGGRESSIVE;
				CLANG_WARN_UNREACHABLE_CODE = YES;
				CLANG_WARN__DUPLICATE_METHOD_MATCH = YES;
				COPY_PHASE_STRIP = NO;
				DEBUG_INFORMATION_FORMAT = "dwarf-with-dsym";
				ENABLE_NS_ASSERTIONS = NO;
				ENABLE_STRICT_OBJC_MSGSEND = YES;
				ENABLE_USER_SCRIPT_SANDBOXING = YES;
				GCC_C_LANGUAGE_STANDARD = gnu17;
				GCC_NO_COMMON_BLOCKS = YES;
				GCC_WARN_64_TO_32_BIT_CONVERSION = YES;
				GCC_WARN_ABOUT_RETURN_TYPE = YES_ERROR;
				GCC_WARN_UNDECLARED_SELECTOR = YES;
				GCC_WARN_UNINITIALIZED_AUTOS = YES_AGGRESSIVE;
				GCC_WARN_UNUSED_FUNCTION = YES;
				GCC_WARN_UNUSED_VARIABLE = YES;
				IPHONEOS_DEPLOYMENT_TARGET = 17.2;
				LOCALIZATION_PREFERS_STRING_CATALOGS = YES;
				MTL_ENABLE_DEBUG_INFO = NO;
				MTL_FAST_MATH = YES;
				SDKROOT = iphoneos;
				SWIFT_COMPILATION_MODE = wholemodule;
				VALIDATE_PRODUCT = YES;
			};
			name = Release;
		};
		EECDDB4E2B5A95BA007A55E7 /* Debug */ = {
			isa = XCBuildConfiguration;
			buildSettings = {
				ASSETCATALOG_COMPILER_APPICON_NAME = AppIcon;
				ASSETCATALOG_COMPILER_GLOBAL_ACCENT_COLOR_NAME = AccentColor;
				CODE_SIGN_STYLE = Automatic;
				CURRENT_PROJECT_VERSION = 1;
				DEVELOPMENT_TEAM = CWJG98258B;
				GENERATE_INFOPLIST_FILE = YES;
				INFOPLIST_FILE = "Vocabulary Quiz/Info.plist";
				INFOPLIST_KEY_CFBundleDisplayName = "Vocabulary Quiz";
				INFOPLIST_KEY_UIApplicationSupportsIndirectInputEvents = YES;
				INFOPLIST_KEY_UILaunchStoryboardName = LaunchScreen;
				INFOPLIST_KEY_UIMainStoryboardFile = "";
				INFOPLIST_KEY_UISupportedInterfaceOrientations_iPad = "UIInterfaceOrientationPortrait UIInterfaceOrientationPortraitUpsideDown UIInterfaceOrientationLandscapeLeft UIInterfaceOrientationLandscapeRight";
				INFOPLIST_KEY_UISupportedInterfaceOrientations_iPhone = "UIInterfaceOrientationPortrait UIInterfaceOrientationLandscapeLeft UIInterfaceOrientationLandscapeRight";
				LD_RUNPATH_SEARCH_PATHS = (
					"$(inherited)",
					"@executable_path/Frameworks",
				);
				MARKETING_VERSION = 1.0;
				PRODUCT_BUNDLE_IDENTIFIER = "iDevFan.Vocabulary-Quiz";
				PRODUCT_NAME = "$(TARGET_NAME)";
				SWIFT_EMIT_LOC_STRINGS = YES;
				SWIFT_VERSION = 5.0;
				TARGETED_DEVICE_FAMILY = "1,2";
			};
			name = Debug;
		};
		EECDDB4F2B5A95BA007A55E7 /* Release */ = {
			isa = XCBuildConfiguration;
			buildSettings = {
				ASSETCATALOG_COMPILER_APPICON_NAME = AppIcon;
				ASSETCATALOG_COMPILER_GLOBAL_ACCENT_COLOR_NAME = AccentColor;
				CODE_SIGN_STYLE = Automatic;
				CURRENT_PROJECT_VERSION = 1;
				DEVELOPMENT_TEAM = CWJG98258B;
				GENERATE_INFOPLIST_FILE = YES;
				INFOPLIST_FILE = "Vocabulary Quiz/Info.plist";
				INFOPLIST_KEY_CFBundleDisplayName = "Vocabulary Quiz";
				INFOPLIST_KEY_UIApplicationSupportsIndirectInputEvents = YES;
				INFOPLIST_KEY_UILaunchStoryboardName = LaunchScreen;
				INFOPLIST_KEY_UIMainStoryboardFile = "";
				INFOPLIST_KEY_UISupportedInterfaceOrientations_iPad = "UIInterfaceOrientationPortrait UIInterfaceOrientationPortraitUpsideDown UIInterfaceOrientationLandscapeLeft UIInterfaceOrientationLandscapeRight";
				INFOPLIST_KEY_UISupportedInterfaceOrientations_iPhone = "UIInterfaceOrientationPortrait UIInterfaceOrientationLandscapeLeft UIInterfaceOrientationLandscapeRight";
				LD_RUNPATH_SEARCH_PATHS = (
					"$(inherited)",
					"@executable_path/Frameworks",
				);
				MARKETING_VERSION = 1.0;
				PRODUCT_BUNDLE_IDENTIFIER = "iDevFan.Vocabulary-Quiz";
				PRODUCT_NAME = "$(TARGET_NAME)";
				SWIFT_EMIT_LOC_STRINGS = YES;
				SWIFT_VERSION = 5.0;
				TARGETED_DEVICE_FAMILY = "1,2";
			};
			name = Release;
		};
/* End XCBuildConfiguration section */

/* Begin XCConfigurationList section */
		EECDDB312B5A95B8007A55E7 /* Build configuration list for PBXProject "Vocabulary Quiz" */ = {
			isa = XCConfigurationList;
			buildConfigurations = (
				EECDDB4B2B5A95BA007A55E7 /* Debug */,
				EECDDB4C2B5A95BA007A55E7 /* Release */,
			);
			defaultConfigurationIsVisible = 0;
			defaultConfigurationName = Release;
		};
		EECDDB4D2B5A95BA007A55E7 /* Build configuration list for PBXNativeTarget "Vocabulary Quiz" */ = {
			isa = XCConfigurationList;
			buildConfigurations = (
				EECDDB4E2B5A95BA007A55E7 /* Debug */,
				EECDDB4F2B5A95BA007A55E7 /* Release */,
			);
			defaultConfigurationIsVisible = 0;
			defaultConfigurationName = Release;
		};
/* End XCConfigurationList section */

/* Begin XCVersionGroup section */
		EECDDB422B5A95B8007A55E7 /* Vocabulary_Quiz.xcdatamodeld */ = {
			isa = XCVersionGroup;
			children = (
				EECDDB432B5A95B8007A55E7 /* Vocabulary_Quiz.xcdatamodel */,
			);
			currentVersion = EECDDB432B5A95B8007A55E7 /* Vocabulary_Quiz.xcdatamodel */;
			path = Vocabulary_Quiz.xcdatamodeld;
			sourceTree = "<group>";
			versionGroupType = wrapper.xcdatamodel;
		};
/* End XCVersionGroup section */
	};
	rootObject = EECDDB2E2B5A95B8007A55E7 /* Project object */;
}
